
Microsoft Visual Studio Solution File, Format Version 12.00
Project("{FAE04EC0-301F-11D3-BF4B-00C04F79EFBC}") = "MyPics.Api", "MyPics.Api\MyPics.Api.csproj", "{5B585961-E7A1-4109-8E5F-99D87C64DA1E}"
EndProject
Project("{FAE04EC0-301F-11D3-BF4B-00C04F79EFBC}") = "MyPics.Domain", "MyPics.Domain\MyPics.Domain.csproj", "{C9B7A982-7EAD-4642-9436-01C71C3713F1}"
EndProject
Project("{FAE04EC0-301F-11D3-BF4B-00C04F79EFBC}") = "MyPics.Infrastructure", "MyPics.Infrastructure\MyPics.Infrastructure.csproj", "{F7FAE6B0-B91E-44BB-9D47-02BCD0678F7F}"
EndProject
Global
	GlobalSection(SolutionConfigurationPlatforms) = preSolution
		Debug|Any CPU = Debug|Any CPU
		Release|Any CPU = Release|Any CPU
	EndGlobalSection
	GlobalSection(ProjectConfigurationPlatforms) = postSolution
		{5B585961-E7A1-4109-8E5F-99D87C64DA1E}.Debug|Any CPU.ActiveCfg = Debug|Any CPU
		{5B585961-E7A1-4109-8E5F-99D87C64DA1E}.Debug|Any CPU.Build.0 = Debug|Any CPU
		{5B585961-E7A1-4109-8E5F-99D87C64DA1E}.Release|Any CPU.ActiveCfg = Release|Any CPU
		{5B585961-E7A1-4109-8E5F-99D87C64DA1E}.Release|Any CPU.Build.0 = Release|Any CPU
		{C9B7A982-7EAD-4642-9436-01C71C3713F1}.Debug|Any CPU.ActiveCfg = Debug|Any CPU
		{C9B7A982-7EAD-4642-9436-01C71C3713F1}.Debug|Any CPU.Build.0 = Debug|Any CPU
		{C9B7A982-7EAD-4642-9436-01C71C3713F1}.Release|Any CPU.ActiveCfg = Release|Any CPU
		{C9B7A982-7EAD-4642-9436-01C71C3713F1}.Release|Any CPU.Build.0 = Release|Any CPU
		{F7FAE6B0-B91E-44BB-9D47-02BCD0678F7F}.Debug|Any CPU.ActiveCfg = Debug|Any CPU
		{F7FAE6B0-B91E-44BB-9D47-02BCD0678F7F}.Debug|Any CPU.Build.0 = Debug|Any CPU
		{F7FAE6B0-B91E-44BB-9D47-02BCD0678F7F}.Release|Any CPU.ActiveCfg = Release|Any CPU
		{F7FAE6B0-B91E-44BB-9D47-02BCD0678F7F}.Release|Any CPU.Build.0 = Release|Any CPU
	EndGlobalSection
EndGlobal
